
Microsoft Visual Studio Solution File, Format Version 12.00
# Visual Studio Version 17
VisualStudioVersion = 17.13.36105.23
MinimumVisualStudioVersion = 10.0.40219.1
Project("{FAE04EC0-301F-11D3-BF4B-00C04F79EFBC}") = "Chizl.Base", "Chizl.Base.csproj", "{BFE45A13-B8AB-43A4-B692-BBB2E94055B0}"
EndProject
Project("{FAE04EC0-301F-11D3-BF4B-00C04F79EFBC}") = "Demo", "Demo\Demo.csproj", "{412EF13E-1D60-4476-99EE-B4C59DB4EE5F}"
EndProject
Project("{FAE04EC0-301F-11D3-BF4B-00C04F79EFBC}") = "Chizl.Base.Tests", "Tests\Chizl.Base.Tests.csproj", "{642C22CC-74B4-06F1-3110-A96C6A46D04F}"
EndProject
Global
	GlobalSection(SolutionConfigurationPlatforms) = preSolution
		Debug|Any CPU = Debug|Any CPU
		Release|Any CPU = Release|Any CPU
	EndGlobalSection
	GlobalSection(ProjectConfigurationPlatforms) = postSolution
		{BFE45A13-B8AB-43A4-B692-BBB2E94055B0}.Debug|Any CPU.ActiveCfg = Debug|Any CPU
		{BFE45A13-B8AB-43A4-B692-BBB2E94055B0}.Debug|Any CPU.Build.0 = Debug|Any CPU
		{BFE45A13-B8AB-43A4-B692-BBB2E94055B0}.Release|Any CPU.ActiveCfg = Release|Any CPU
		{BFE45A13-B8AB-43A4-B692-BBB2E94055B0}.Release|Any CPU.Build.0 = Release|Any CPU
		{412EF13E-1D60-4476-99EE-B4C59DB4EE5F}.Debug|Any CPU.ActiveCfg = Debug|Any CPU
		{412EF13E-1D60-4476-99EE-B4C59DB4EE5F}.Debug|Any CPU.Build.0 = Debug|Any CPU
		{412EF13E-1D60-4476-99EE-B4C59DB4EE5F}.Release|Any CPU.ActiveCfg = Release|Any CPU
		{412EF13E-1D60-4476-99EE-B4C59DB4EE5F}.Release|Any CPU.Build.0 = Release|Any CPU
		{642C22CC-74B4-06F1-3110-A96C6A46D04F}.Debug|Any CPU.ActiveCfg = Debug|Any CPU
		{642C22CC-74B4-06F1-3110-A96C6A46D04F}.Debug|Any CPU.Build.0 = Debug|Any CPU
		{642C22CC-74B4-06F1-3110-A96C6A46D04F}.Release|Any CPU.ActiveCfg = Release|Any CPU
		{642C22CC-74B4-06F1-3110-A96C6A46D04F}.Release|Any CPU.Build.0 = Release|Any CPU
	EndGlobalSection
	GlobalSection(SolutionProperties) = preSolution
		HideSolutionNode = FALSE
	EndGlobalSection
	GlobalSection(ExtensibilityGlobals) = postSolution
		SolutionGuid = {823048DC-2A40-45FC-AF99-7DE825BEA059}
	EndGlobalSection
EndGlobal
